
Microsoft Visual Studio Solution File, Format Version 12.00
# Visual Studio Version 16
VisualStudioVersion = 16.0.29728.190
MinimumVisualStudioVersion = 10.0.40219.1
Project("{FAE04EC0-301F-11D3-BF4B-00C04F79EFBC}") = "SimpleLogCS", "SimpleLogCS\SimpleLogCS.csproj", "{4FDD6066-3028-40AB-BA8E-9470B1626BEA}"
EndProject
Global
	GlobalSection(SolutionConfigurationPlatforms) = preSolution
		Debug|Any CPU = Debug|Any CPU
		Release|Any CPU = Release|Any CPU
	EndGlobalSection
	GlobalSection(ProjectConfigurationPlatforms) = postSolution
		{4FDD6066-3028-40AB-BA8E-9470B1626BEA}.Debug|Any CPU.ActiveCfg = Debug|Any CPU
		{4FDD6066-3028-40AB-BA8E-9470B1626BEA}.Debug|Any CPU.Build.0 = Debug|Any CPU
		{4FDD6066-3028-40AB-BA8E-9470B1626BEA}.Release|Any CPU.ActiveCfg = Release|Any CPU
		{4FDD6066-3028-40AB-BA8E-9470B1626BEA}.Release|Any CPU.Build.0 = Release|Any CPU
	EndGlobalSection
	GlobalSection(SolutionProperties) = preSolution
		HideSolutionNode = FALSE
	EndGlobalSection
	GlobalSection(ExtensibilityGlobals) = postSolution
		SolutionGuid = {B7EA87FA-4424-427B-B9F0-B1EBD53997C0}
	EndGlobalSection
EndGlobal
